// !$*UTF8*$!
{
	archiveVersion = 1;
	classes = {
	};
	objectVersion = 50;
	objects = {

/* Begin PBXBuildFile section */
		F416BE08258606BC00C0D910 /* AnaSayfaUstCell.swift in Sources */ = {isa = PBXBuildFile; fileRef = F416BE06258606BC00C0D910 /* AnaSayfaUstCell.swift */; };
		F416BE09258606BC00C0D910 /* AnaSayfaUstCell.xib in Resources */ = {isa = PBXBuildFile; fileRef = F416BE07258606BC00C0D910 /* AnaSayfaUstCell.xib */; };
		F416BE1125861E6A00C0D910 /* UIImageView+Extension.swift in Sources */ = {isa = PBXBuildFile; fileRef = F416BE1025861E6A00C0D910 /* UIImageView+Extension.swift */; };
		F416BE162586217C00C0D910 /* AltCellModel.swift in Sources */ = {isa = PBXBuildFile; fileRef = F416BE152586217C00C0D910 /* AltCellModel.swift */; };
		F416BE1E258623AA00C0D910 /* AnaSayfaVM.swift in Sources */ = {isa = PBXBuildFile; fileRef = F416BE1D258623AA00C0D910 /* AnaSayfaVM.swift */; };
		F48CFDA425850CCA00167C6B /* AnaSayfaAltCell.swift in Sources */ = {isa = PBXBuildFile; fileRef = F48CFDA225850CCA00167C6B /* AnaSayfaAltCell.swift */; };
		F48CFDA525850CCA00167C6B /* AnaSayfaAltCell.xib in Resources */ = {isa = PBXBuildFile; fileRef = F48CFDA325850CCA00167C6B /* AnaSayfaAltCell.xib */; };
		F4D369392584EDEC007AAD70 /* AppDelegate.swift in Sources */ = {isa = PBXBuildFile; fileRef = F4D369382584EDEC007AAD70 /* AppDelegate.swift */; };
		F4D3693B2584EDEC007AAD70 /* SceneDelegate.swift in Sources */ = {isa = PBXBuildFile; fileRef = F4D3693A2584EDEC007AAD70 /* SceneDelegate.swift */; };
		F4D3693D2584EDEC007AAD70 /* AnaSayfaVC.swift in Sources */ = {isa = PBXBuildFile; fileRef = F4D3693C2584EDEC007AAD70 /* AnaSayfaVC.swift */; };
		F4D369402584EDEC007AAD70 /* Main.storyboard in Resources */ = {isa = PBXBuildFile; fileRef = F4D3693E2584EDEC007AAD70 /* Main.storyboard */; };
		F4D369422584EDEF007AAD70 /* Assets.xcassets in Resources */ = {isa = PBXBuildFile; fileRef = F4D369412584EDEF007AAD70 /* Assets.xcassets */; };
		F4D369452584EDEF007AAD70 /* LaunchScreen.storyboard in Resources */ = {isa = PBXBuildFile; fileRef = F4D369432584EDEF007AAD70 /* LaunchScreen.storyboard */; };
		F4D369502584EDF0007AAD70 /* YoutuberAppV2Tests.swift in Sources */ = {isa = PBXBuildFile; fileRef = F4D3694F2584EDF0007AAD70 /* YoutuberAppV2Tests.swift */; };
		F4D3695B2584EDF0007AAD70 /* YoutuberAppV2UITests.swift in Sources */ = {isa = PBXBuildFile; fileRef = F4D3695A2584EDF0007AAD70 /* YoutuberAppV2UITests.swift */; };
/* End PBXBuildFile section */

/* Begin PBXContainerItemProxy section */
		F4D3694C2584EDF0007AAD70 /* PBXContainerItemProxy */ = {
			isa = PBXContainerItemProxy;
			containerPortal = F4D3692D2584EDEC007AAD70 /* Project object */;
			proxyType = 1;
			remoteGlobalIDString = F4D369342584EDEC007AAD70;
			remoteInfo = YoutuberAppV2;
		};
		F4D369572584EDF0007AAD70 /* PBXContainerItemProxy */ = {
			isa = PBXContainerItemProxy;
			containerPortal = F4D3692D2584EDEC007AAD70 /* Project object */;
			proxyType = 1;
			remoteGlobalIDString = F4D369342584EDEC007AAD70;
			remoteInfo = YoutuberAppV2;
		};
/* End PBXContainerItemProxy section */

/* Begin PBXFileReference section */
		F416BE06258606BC00C0D910 /* AnaSayfaUstCell.swift */ = {isa = PBXFileReference; lastKnownFileType = sourcecode.swift; path = AnaSayfaUstCell.swift; sourceTree = "<group>"; };
		F416BE07258606BC00C0D910 /* AnaSayfaUstCell.xib */ = {isa = PBXFileReference; lastKnownFileType = file.xib; path = AnaSayfaUstCell.xib; sourceTree = "<group>"; };
		F416BE1025861E6A00C0D910 /* UIImageView+Extension.swift */ = {isa = PBXFileReference; lastKnownFileType = sourcecode.swift; path = "UIImageView+Extension.swift"; sourceTree = "<group>"; };
		F416BE152586217C00C0D910 /* AltCellModel.swift */ = {isa = PBXFileReference; lastKnownFileType = sourcecode.swift; path = AltCellModel.swift; sourceTree = "<group>"; };
		F416BE1D258623AA00C0D910 /* AnaSayfaVM.swift */ = {isa = PBXFileReference; lastKnownFileType = sourcecode.swift; path = AnaSayfaVM.swift; sourceTree = "<group>"; };
		F48CFDA225850CCA00167C6B /* AnaSayfaAltCell.swift */ = {isa = PBXFileReference; lastKnownFileType = sourcecode.swift; path = AnaSayfaAltCell.swift; sourceTree = "<group>"; };
		F48CFDA325850CCA00167C6B /* AnaSayfaAltCell.xib */ = {isa = PBXFileReference; lastKnownFileType = file.xib; path = AnaSayfaAltCell.xib; sourceTree = "<group>"; };
		F4D369352584EDEC007AAD70 /* YoutuberAppV2.app */ = {isa = PBXFileReference; explicitFileType = wrapper.application; includeInIndex = 0; path = YoutuberAppV2.app; sourceTree = BUILT_PRODUCTS_DIR; };
		F4D369382584EDEC007AAD70 /* AppDelegate.swift */ = {isa = PBXFileReference; lastKnownFileType = sourcecode.swift; path = AppDelegate.swift; sourceTree = "<group>"; };
		F4D3693A2584EDEC007AAD70 /* SceneDelegate.swift */ = {isa = PBXFileReference; lastKnownFileType = sourcecode.swift; path = SceneDelegate.swift; sourceTree = "<group>"; };
		F4D3693C2584EDEC007AAD70 /* AnaSayfaVC.swift */ = {isa = PBXFileReference; lastKnownFileType = sourcecode.swift; path = AnaSayfaVC.swift; sourceTree = "<group>"; };
		F4D3693F2584EDEC007AAD70 /* Base */ = {isa = PBXFileReference; lastKnownFileType = file.storyboard; name = Base; path = Base.lproj/Main.storyboard; sourceTree = "<group>"; };
		F4D369412584EDEF007AAD70 /* Assets.xcassets */ = {isa = PBXFileReference; lastKnownFileType = folder.assetcatalog; path = Assets.xcassets; sourceTree = "<group>"; };
		F4D369442584EDEF007AAD70 /* Base */ = {isa = PBXFileReference; lastKnownFileType = file.storyboard; name = Base; path = Base.lproj/LaunchScreen.storyboard; sourceTree = "<group>"; };
		F4D369462584EDEF007AAD70 /* Info.plist */ = {isa = PBXFileReference; lastKnownFileType = text.plist.xml; path = Info.plist; sourceTree = "<group>"; };
		F4D3694B2584EDF0007AAD70 /* YoutuberAppV2Tests.xctest */ = {isa = PBXFileReference; explicitFileType = wrapper.cfbundle; includeInIndex = 0; path = YoutuberAppV2Tests.xctest; sourceTree = BUILT_PRODUCTS_DIR; };
		F4D3694F2584EDF0007AAD70 /* YoutuberAppV2Tests.swift */ = {isa = PBXFileReference; lastKnownFileType = sourcecode.swift; path = YoutuberAppV2Tests.swift; sourceTree = "<group>"; };
		F4D369512584EDF0007AAD70 /* Info.plist */ = {isa = PBXFileReference; lastKnownFileType = text.plist.xml; path = Info.plist; sourceTree = "<group>"; };
		F4D369562584EDF0007AAD70 /* YoutuberAppV2UITests.xctest */ = {isa = PBXFileReference; explicitFileType = wrapper.cfbundle; includeInIndex = 0; path = YoutuberAppV2UITests.xctest; sourceTree = BUILT_PRODUCTS_DIR; };
		F4D3695A2584EDF0007AAD70 /* YoutuberAppV2UITests.swift */ = {isa = PBXFileReference; lastKnownFileType = sourcecode.swift; path = YoutuberAppV2UITests.swift; sourceTree = "<group>"; };
		F4D3695C2584EDF0007AAD70 /* Info.plist */ = {isa = PBXFileReference; lastKnownFileType = text.plist.xml; path = Info.plist; sourceTree = "<group>"; };
/* End PBXFileReference section */

/* Begin PBXFrameworksBuildPhase section */
		F4D369322584EDEC007AAD70 /* Frameworks */ = {
			isa = PBXFrameworksBuildPhase;
			buildActionMask = 2147483647;
			files = (
			);
			runOnlyForDeploymentPostprocessing = 0;
		};
		F4D369482584EDF0007AAD70 /* Frameworks */ = {
			isa = PBXFrameworksBuildPhase;
			buildActionMask = 2147483647;
			files = (
			);
			runOnlyForDeploymentPostprocessing = 0;
		};
		F4D369532584EDF0007AAD70 /* Frameworks */ = {
			isa = PBXFrameworksBuildPhase;
			buildActionMask = 2147483647;
			files = (
			);
			runOnlyForDeploymentPostprocessing = 0;
		};
/* End PBXFrameworksBuildPhase section */

/* Begin PBXGroup section */
		F416BE052586067400C0D910 /* AnaSayfaUstCell */ = {
			isa = PBXGroup;
			children = (
				F416BE06258606BC00C0D910 /* AnaSayfaUstCell.swift */,
				F416BE07258606BC00C0D910 /* AnaSayfaUstCell.xib */,
			);
			path = AnaSayfaUstCell;
			sourceTree = "<group>";
		};
		F48CFDA925850D0600167C6B /* AnaSayfaAltCell */ = {
			isa = PBXGroup;
			children = (
				F48CFDA325850CCA00167C6B /* AnaSayfaAltCell.xib */,
				F48CFDA225850CCA00167C6B /* AnaSayfaAltCell.swift */,
			);
			path = AnaSayfaAltCell;
			sourceTree = "<group>";
		};
		F48CFDAD25850E6500167C6B /* AnaSayfa */ = {
			isa = PBXGroup;
			children = (
				F4D3693C2584EDEC007AAD70 /* AnaSayfaVC.swift */,
				F4D3693E2584EDEC007AAD70 /* Main.storyboard */,
				F416BE152586217C00C0D910 /* AltCellModel.swift */,
				F416BE1D258623AA00C0D910 /* AnaSayfaVM.swift */,
			);
			path = AnaSayfa;
			sourceTree = "<group>";
		};
		F4D3692C2584EDEC007AAD70 = {
			isa = PBXGroup;
			children = (
				F4D369372584EDEC007AAD70 /* YoutuberAppV2 */,
				F4D3694E2584EDF0007AAD70 /* YoutuberAppV2Tests */,
				F4D369592584EDF0007AAD70 /* YoutuberAppV2UITests */,
				F4D369362584EDEC007AAD70 /* Products */,
			);
			sourceTree = "<group>";
		};
		F4D369362584EDEC007AAD70 /* Products */ = {
			isa = PBXGroup;
			children = (
				F4D369352584EDEC007AAD70 /* YoutuberAppV2.app */,
				F4D3694B2584EDF0007AAD70 /* YoutuberAppV2Tests.xctest */,
				F4D369562584EDF0007AAD70 /* YoutuberAppV2UITests.xctest */,
			);
			name = Products;
			sourceTree = "<group>";
		};
		F4D369372584EDEC007AAD70 /* YoutuberAppV2 */ = {
			isa = PBXGroup;
			children = (
				F48CFDAD25850E6500167C6B /* AnaSayfa */,
				F416BE052586067400C0D910 /* AnaSayfaUstCell */,
				F48CFDA925850D0600167C6B /* AnaSayfaAltCell */,
				F4D369382584EDEC007AAD70 /* AppDelegate.swift */,
				F4D3693A2584EDEC007AAD70 /* SceneDelegate.swift */,
				F4D369412584EDEF007AAD70 /* Assets.xcassets */,
				F4D369432584EDEF007AAD70 /* LaunchScreen.storyboard */,
				F4D369462584EDEF007AAD70 /* Info.plist */,
				F416BE1025861E6A00C0D910 /* UIImageView+Extension.swift */,
			);
			path = YoutuberAppV2;
			sourceTree = "<group>";
		};
		F4D3694E2584EDF0007AAD70 /* YoutuberAppV2Tests */ = {
			isa = PBXGroup;
			children = (
				F4D3694F2584EDF0007AAD70 /* YoutuberAppV2Tests.swift */,
				F4D369512584EDF0007AAD70 /* Info.plist */,
			);
			path = YoutuberAppV2Tests;
			sourceTree = "<group>";
		};
		F4D369592584EDF0007AAD70 /* YoutuberAppV2UITests */ = {
			isa = PBXGroup;
			children = (
				F4D3695A2584EDF0007AAD70 /* YoutuberAppV2UITests.swift */,
				F4D3695C2584EDF0007AAD70 /* Info.plist */,
			);
			path = YoutuberAppV2UITests;
			sourceTree = "<group>";
		};
/* End PBXGroup section */

/* Begin PBXNativeTarget section */
		F4D369342584EDEC007AAD70 /* YoutuberAppV2 */ = {
			isa = PBXNativeTarget;
			buildConfigurationList = F4D3695F2584EDF0007AAD70 /* Build configuration list for PBXNativeTarget "YoutuberAppV2" */;
			buildPhases = (
				F4D369312584EDEC007AAD70 /* Sources */,
				F4D369322584EDEC007AAD70 /* Frameworks */,
				F4D369332584EDEC007AAD70 /* Resources */,
			);
			buildRules = (
			);
			dependencies = (
			);
			name = YoutuberAppV2;
			productName = YoutuberAppV2;
			productReference = F4D369352584EDEC007AAD70 /* YoutuberAppV2.app */;
			productType = "com.apple.product-type.application";
		};
		F4D3694A2584EDF0007AAD70 /* YoutuberAppV2Tests */ = {
			isa = PBXNativeTarget;
			buildConfigurationList = F4D369622584EDF0007AAD70 /* Build configuration list for PBXNativeTarget "YoutuberAppV2Tests" */;
			buildPhases = (
				F4D369472584EDF0007AAD70 /* Sources */,
				F4D369482584EDF0007AAD70 /* Frameworks */,
				F4D369492584EDF0007AAD70 /* Resources */,
			);
			buildRules = (
			);
			dependencies = (
				F4D3694D2584EDF0007AAD70 /* PBXTargetDependency */,
			);
			name = YoutuberAppV2Tests;
			productName = YoutuberAppV2Tests;
			productReference = F4D3694B2584EDF0007AAD70 /* YoutuberAppV2Tests.xctest */;
			productType = "com.apple.product-type.bundle.unit-test";
		};
		F4D369552584EDF0007AAD70 /* YoutuberAppV2UITests */ = {
			isa = PBXNativeTarget;
			buildConfigurationList = F4D369652584EDF0007AAD70 /* Build configuration list for PBXNativeTarget "YoutuberAppV2UITests" */;
			buildPhases = (
				F4D369522584EDF0007AAD70 /* Sources */,
				F4D369532584EDF0007AAD70 /* Frameworks */,
				F4D369542584EDF0007AAD70 /* Resources */,
			);
			buildRules = (
			);
			dependencies = (
				F4D369582584EDF0007AAD70 /* PBXTargetDependency */,
			);
			name = YoutuberAppV2UITests;
			productName = YoutuberAppV2UITests;
			productReference = F4D369562584EDF0007AAD70 /* YoutuberAppV2UITests.xctest */;
			productType = "com.apple.product-type.bundle.ui-testing";
		};
/* End PBXNativeTarget section */

/* Begin PBXProject section */
		F4D3692D2584EDEC007AAD70 /* Project object */ = {
			isa = PBXProject;
			attributes = {
				LastSwiftUpdateCheck = 1220;
				LastUpgradeCheck = 1220;
				TargetAttributes = {
					F4D369342584EDEC007AAD70 = {
						CreatedOnToolsVersion = 12.2;
					};
					F4D3694A2584EDF0007AAD70 = {
						CreatedOnToolsVersion = 12.2;
						TestTargetID = F4D369342584EDEC007AAD70;
					};
					F4D369552584EDF0007AAD70 = {
						CreatedOnToolsVersion = 12.2;
						TestTargetID = F4D369342584EDEC007AAD70;
					};
				};
			};
			buildConfigurationList = F4D369302584EDEC007AAD70 /* Build configuration list for PBXProject "YoutuberAppV2" */;
			compatibilityVersion = "Xcode 9.3";
			developmentRegion = en;
			hasScannedForEncodings = 0;
			knownRegions = (
				en,
				Base,
			);
			mainGroup = F4D3692C2584EDEC007AAD70;
			productRefGroup = F4D369362584EDEC007AAD70 /* Products */;
			projectDirPath = "";
			projectRoot = "";
			targets = (
				F4D369342584EDEC007AAD70 /* YoutuberAppV2 */,
				F4D3694A2584EDF0007AAD70 /* YoutuberAppV2Tests */,
				F4D369552584EDF0007AAD70 /* YoutuberAppV2UITests */,
			);
		};
/* End PBXProject section */

/* Begin PBXResourcesBuildPhase section */
		F4D369332584EDEC007AAD70 /* Resources */ = {
			isa = PBXResourcesBuildPhase;
			buildActionMask = 2147483647;
			files = (
				F416BE09258606BC00C0D910 /* AnaSayfaUstCell.xib in Resources */,
				F4D369452584EDEF007AAD70 /* LaunchScreen.storyboard in Resources */,
				F48CFDA525850CCA00167C6B /* AnaSayfaAltCell.xib in Resources */,
				F4D369422584EDEF007AAD70 /* Assets.xcassets in Resources */,
				F4D369402584EDEC007AAD70 /* Main.storyboard in Resources */,
			);
			runOnlyForDeploymentPostprocessing = 0;
		};
		F4D369492584EDF0007AAD70 /* Resources */ = {
			isa = PBXResourcesBuildPhase;
			buildActionMask = 2147483647;
			files = (
			);
			runOnlyForDeploymentPostprocessing = 0;
		};
		F4D369542584EDF0007AAD70 /* Resources */ = {
			isa = PBXResourcesBuildPhase;
			buildActionMask = 2147483647;
			files = (
			);
			runOnlyForDeploymentPostprocessing = 0;
		};
/* End PBXResourcesBuildPhase section */

/* Begin PBXSourcesBuildPhase section */
		F4D369312584EDEC007AAD70 /* Sources */ = {
			isa = PBXSourcesBuildPhase;
			buildActionMask = 2147483647;
			files = (
				F416BE1125861E6A00C0D910 /* UIImageView+Extension.swift in Sources */,
				F4D3693D2584EDEC007AAD70 /* AnaSayfaVC.swift in Sources */,
				F416BE1E258623AA00C0D910 /* AnaSayfaVM.swift in Sources */,
				F48CFDA425850CCA00167C6B /* AnaSayfaAltCell.swift in Sources */,
				F416BE162586217C00C0D910 /* AltCellModel.swift in Sources */,
				F416BE08258606BC00C0D910 /* AnaSayfaUstCell.swift in Sources */,
				F4D369392584EDEC007AAD70 /* AppDelegate.swift in Sources */,
				F4D3693B2584EDEC007AAD70 /* SceneDelegate.swift in Sources */,
			);
			runOnlyForDeploymentPostprocessing = 0;
		};
		F4D369472584EDF0007AAD70 /* Sources */ = {
			isa = PBXSourcesBuildPhase;
			buildActionMask = 2147483647;
			files = (
				F4D369502584EDF0007AAD70 /* YoutuberAppV2Tests.swift in Sources */,
			);
			runOnlyForDeploymentPostprocessing = 0;
		};
		F4D369522584EDF0007AAD70 /* Sources */ = {
			isa = PBXSourcesBuildPhase;
			buildActionMask = 2147483647;
			files = (
				F4D3695B2584EDF0007AAD70 /* YoutuberAppV2UITests.swift in Sources */,
			);
			runOnlyForDeploymentPostprocessing = 0;
		};
/* End PBXSourcesBuildPhase section */

/* Begin PBXTargetDependency section */
		F4D3694D2584EDF0007AAD70 /* PBXTargetDependency */ = {
			isa = PBXTargetDependency;
			target = F4D369342584EDEC007AAD70 /* YoutuberAppV2 */;
			targetProxy = F4D3694C2584EDF0007AAD70 /* PBXContainerItemProxy */;
		};
		F4D369582584EDF0007AAD70 /* PBXTargetDependency */ = {
			isa = PBXTargetDependency;
			target = F4D369342584EDEC007AAD70 /* YoutuberAppV2 */;
			targetProxy = F4D369572584EDF0007AAD70 /* PBXContainerItemProxy */;
		};
/* End PBXTargetDependency section */

/* Begin PBXVariantGroup section */
		F4D3693E2584EDEC007AAD70 /* Main.storyboard */ = {
			isa = PBXVariantGroup;
			children = (
				F4D3693F2584EDEC007AAD70 /* Base */,
			);
			name = Main.storyboard;
			sourceTree = "<group>";
		};
		F4D369432584EDEF007AAD70 /* LaunchScreen.storyboard */ = {
			isa = PBXVariantGroup;
			children = (
				F4D369442584EDEF007AAD70 /* Base */,
			);
			name = LaunchScreen.storyboard;
			sourceTree = "<group>";
		};
/* End PBXVariantGroup section */

/* Begin XCBuildConfiguration section */
		F4D3695D2584EDF0007AAD70 /* Debug */ = {
			isa = XCBuildConfiguration;
			buildSettings = {
				ALWAYS_SEARCH_USER_PATHS = NO;
				CLANG_ANALYZER_NONNULL = YES;
				CLANG_ANALYZER_NUMBER_OBJECT_CONVERSION = YES_AGGRESSIVE;
				CLANG_CXX_LANGUAGE_STANDARD = "gnu++14";
				CLANG_CXX_LIBRARY = "libc++";
				CLANG_ENABLE_MODULES = YES;
				CLANG_ENABLE_OBJC_ARC = YES;
				CLANG_ENABLE_OBJC_WEAK = YES;
				CLANG_WARN_BLOCK_CAPTURE_AUTORELEASING = YES;
				CLANG_WARN_BOOL_CONVERSION = YES;
				CLANG_WARN_COMMA = YES;
				CLANG_WARN_CONSTANT_CONVERSION = YES;
				CLANG_WARN_DEPRECATED_OBJC_IMPLEMENTATIONS = YES;
				CLANG_WARN_DIRECT_OBJC_ISA_USAGE = YES_ERROR;
				CLANG_WARN_DOCUMENTATION_COMMENTS = YES;
				CLANG_WARN_EMPTY_BODY = YES;
				CLANG_WARN_ENUM_CONVERSION = YES;
				CLANG_WARN_INFINITE_RECURSION = YES;
				CLANG_WARN_INT_CONVERSION = YES;
				CLANG_WARN_NON_LITERAL_NULL_CONVERSION = YES;
				CLANG_WARN_OBJC_IMPLICIT_RETAIN_SELF = YES;
				CLANG_WARN_OBJC_LITERAL_CONVERSION = YES;
				CLANG_WARN_OBJC_ROOT_CLASS = YES_ERROR;
				CLANG_WARN_QUOTED_INCLUDE_IN_FRAMEWORK_HEADER = YES;
				CLANG_WARN_RANGE_LOOP_ANALYSIS = YES;
				CLANG_WARN_STRICT_PROTOTYPES = YES;
				CLANG_WARN_SUSPICIOUS_MOVE = YES;
				CLANG_WARN_UNGUARDED_AVAILABILITY = YES_AGGRESSIVE;
				CLANG_WARN_UNREACHABLE_CODE = YES;
				CLANG_WARN__DUPLICATE_METHOD_MATCH = YES;
				COPY_PHASE_STRIP = NO;
				DEBUG_INFORMATION_FORMAT = dwarf;
				ENABLE_STRICT_OBJC_MSGSEND = YES;
				ENABLE_TESTABILITY = YES;
				GCC_C_LANGUAGE_STANDARD = gnu11;
				GCC_DYNAMIC_NO_PIC = NO;
				GCC_NO_COMMON_BLOCKS = YES;
				GCC_OPTIMIZATION_LEVEL = 0;
				GCC_PREPROCESSOR_DEFINITIONS = (
					"DEBUG=1",
					"$(inherited)",
				);
				GCC_WARN_64_TO_32_BIT_CONVERSION = YES;
				GCC_WARN_ABOUT_RETURN_TYPE = YES_ERROR;
				GCC_WARN_UNDECLARED_SELECTOR = YES;
				GCC_WARN_UNINITIALIZED_AUTOS = YES_AGGRESSIVE;
				GCC_WARN_UNUSED_FUNCTION = YES;
				GCC_WARN_UNUSED_VARIABLE = YES;
				IPHONEOS_DEPLOYMENT_TARGET = 14.2;
				MTL_ENABLE_DEBUG_INFO = INCLUDE_SOURCE;
				MTL_FAST_MATH = YES;
				ONLY_ACTIVE_ARCH = YES;
				SDKROOT = iphoneos;
				SWIFT_ACTIVE_COMPILATION_CONDITIONS = DEBUG;
				SWIFT_OPTIMIZATION_LEVEL = "-Onone";
			};
			name = Debug;
		};
		F4D3695E2584EDF0007AAD70 /* Release */ = {
			isa = XCBuildConfiguration;
			buildSettings = {
				ALWAYS_SEARCH_USER_PATHS = NO;
				CLANG_ANALYZER_NONNULL = YES;
				CLANG_ANALYZER_NUMBER_OBJECT_CONVERSION = YES_AGGRESSIVE;
				CLANG_CXX_LANGUAGE_STANDARD = "gnu++14";
				CLANG_CXX_LIBRARY = "libc++";
				CLANG_ENABLE_MODULES = YES;
				CLANG_ENABLE_OBJC_ARC = YES;
				CLANG_ENABLE_OBJC_WEAK = YES;
				CLANG_WARN_BLOCK_CAPTURE_AUTORELEASING = YES;
				CLANG_WARN_BOOL_CONVERSION = YES;
				CLANG_WARN_COMMA = YES;
				CLANG_WARN_CONSTANT_CONVERSION = YES;
				CLANG_WARN_DEPRECATED_OBJC_IMPLEMENTATIONS = YES;
				CLANG_WARN_DIRECT_OBJC_ISA_USAGE = YES_ERROR;
				CLANG_WARN_DOCUMENTATION_COMMENTS = YES;
				CLANG_WARN_EMPTY_BODY = YES;
				CLANG_WARN_ENUM_CONVERSION = YES;
				CLANG_WARN_INFINITE_RECURSION = YES;
				CLANG_WARN_INT_CONVERSION = YES;
				CLANG_WARN_NON_LITERAL_NULL_CONVERSION = YES;
				CLANG_WARN_OBJC_IMPLICIT_RETAIN_SELF = YES;
				CLANG_WARN_OBJC_LITERAL_CONVERSION = YES;
				CLANG_WARN_OBJC_ROOT_CLASS = YES_ERROR;
				CLANG_WARN_QUOTED_INCLUDE_IN_FRAMEWORK_HEADER = YES;
				CLANG_WARN_RANGE_LOOP_ANALYSIS = YES;
				CLANG_WARN_STRICT_PROTOTYPES = YES;
				CLANG_WARN_SUSPICIOUS_MOVE = YES;
				CLANG_WARN_UNGUARDED_AVAILABILITY = YES_AGGRESSIVE;
				CLANG_WARN_UNREACHABLE_CODE = YES;
				CLANG_WARN__DUPLICATE_METHOD_MATCH = YES;
				COPY_PHASE_STRIP = NO;
				DEBUG_INFORMATION_FORMAT = "dwarf-with-dsym";
				ENABLE_NS_ASSERTIONS = NO;
				ENABLE_STRICT_OBJC_MSGSEND = YES;
				GCC_C_LANGUAGE_STANDARD = gnu11;
				GCC_NO_COMMON_BLOCKS = YES;
				GCC_WARN_64_TO_32_BIT_CONVERSION = YES;
				GCC_WARN_ABOUT_RETURN_TYPE = YES_ERROR;
				GCC_WARN_UNDECLARED_SELECTOR = YES;
				GCC_WARN_UNINITIALIZED_AUTOS = YES_AGGRESSIVE;
				GCC_WARN_UNUSED_FUNCTION = YES;
				GCC_WARN_UNUSED_VARIABLE = YES;
				IPHONEOS_DEPLOYMENT_TARGET = 14.2;
				MTL_ENABLE_DEBUG_INFO = NO;
				MTL_FAST_MATH = YES;
				SDKROOT = iphoneos;
				SWIFT_COMPILATION_MODE = wholemodule;
				SWIFT_OPTIMIZATION_LEVEL = "-O";
				VALIDATE_PRODUCT = YES;
			};
			name = Release;
		};
		F4D369602584EDF0007AAD70 /* Debug */ = {
			isa = XCBuildConfiguration;
			buildSettings = {
				ASSETCATALOG_COMPILER_APPICON_NAME = AppIcon;
				ASSETCATALOG_COMPILER_GLOBAL_ACCENT_COLOR_NAME = AccentColor;
				CODE_SIGN_STYLE = Automatic;
				DEVELOPMENT_TEAM = ZUBBCB62N3;
				INFOPLIST_FILE = YoutuberAppV2/Info.plist;
				LD_RUNPATH_SEARCH_PATHS = (
					"$(inherited)",
					"@executable_path/Frameworks",
				);
				PRODUCT_BUNDLE_IDENTIFIER = com.sndstudio.YoutuberAppV2;
				PRODUCT_NAME = "$(TARGET_NAME)";
				SWIFT_VERSION = 5.0;
				TARGETED_DEVICE_FAMILY = "1,2";
			};
			name = Debug;
		};
		F4D369612584EDF0007AAD70 /* Release */ = {
			isa = XCBuildConfiguration;
			buildSettings = {
				ASSETCATALOG_COMPILER_APPICON_NAME = AppIcon;
				ASSETCATALOG_COMPILER_GLOBAL_ACCENT_COLOR_NAME = AccentColor;
				CODE_SIGN_STYLE = Automatic;
				DEVELOPMENT_TEAM = ZUBBCB62N3;
				INFOPLIST_FILE = YoutuberAppV2/Info.plist;
				LD_RUNPATH_SEARCH_PATHS = (
					"$(inherited)",
					"@executable_path/Frameworks",
				);
				PRODUCT_BUNDLE_IDENTIFIER = com.sndstudio.YoutuberAppV2;
				PRODUCT_NAME = "$(TARGET_NAME)";
				SWIFT_VERSION = 5.0;
				TARGETED_DEVICE_FAMILY = "1,2";
			};
			name = Release;
		};
		F4D369632584EDF0007AAD70 /* Debug */ = {
			isa = XCBuildConfiguration;
			buildSettings = {
				ALWAYS_EMBED_SWIFT_STANDARD_LIBRARIES = YES;
				BUNDLE_LOADER = "$(TEST_HOST)";
				CODE_SIGN_STYLE = Automatic;
				DEVELOPMENT_TEAM = ZUBBCB62N3;
				INFOPLIST_FILE = YoutuberAppV2Tests/Info.plist;
				IPHONEOS_DEPLOYMENT_TARGET = 14.2;
				LD_RUNPATH_SEARCH_PATHS = (
					"$(inherited)",
					"@executable_path/Frameworks",
					"@loader_path/Frameworks",
				);
				PRODUCT_BUNDLE_IDENTIFIER = com.sndstudio.YoutuberAppV2Tests;
				PRODUCT_NAME = "$(TARGET_NAME)";
				SWIFT_VERSION = 5.0;
				TARGETED_DEVICE_FAMILY = "1,2";
				TEST_HOST = "$(BUILT_PRODUCTS_DIR)/YoutuberAppV2.app/YoutuberAppV2";
			};
			name = Debug;
		};
		F4D369642584EDF0007AAD70 /* Release */ = {
			isa = XCBuildConfiguration;
			buildSettings = {
				ALWAYS_EMBED_SWIFT_STANDARD_LIBRARIES = YES;
				BUNDLE_LOADER = "$(TEST_HOST)";
				CODE_SIGN_STYLE = Automatic;
				DEVELOPMENT_TEAM = ZUBBCB62N3;
				INFOPLIST_FILE = YoutuberAppV2Tests/Info.plist;
				IPHONEOS_DEPLOYMENT_TARGET = 14.2;
				LD_RUNPATH_SEARCH_PATHS = (
					"$(inherited)",
					"@executable_path/Frameworks",
					"@loader_path/Frameworks",
				);
				PRODUCT_BUNDLE_IDENTIFIER = com.sndstudio.YoutuberAppV2Tests;
				PRODUCT_NAME = "$(TARGET_NAME)";
				SWIFT_VERSION = 5.0;
				TARGETED_DEVICE_FAMILY = "1,2";
				TEST_HOST = "$(BUILT_PRODUCTS_DIR)/YoutuberAppV2.app/YoutuberAppV2";
			};
			name = Release;
		};
		F4D369662584EDF0007AAD70 /* Debug */ = {
			isa = XCBuildConfiguration;
			buildSettings = {
				ALWAYS_EMBED_SWIFT_STANDARD_LIBRARIES = YES;
				CODE_SIGN_STYLE = Automatic;
				DEVELOPMENT_TEAM = ZUBBCB62N3;
				INFOPLIST_FILE = YoutuberAppV2UITests/Info.plist;
				LD_RUNPATH_SEARCH_PATHS = (
					"$(inherited)",
					"@executable_path/Frameworks",
					"@loader_path/Frameworks",
				);
				PRODUCT_BUNDLE_IDENTIFIER = com.sndstudio.YoutuberAppV2UITests;
				PRODUCT_NAME = "$(TARGET_NAME)";
				SWIFT_VERSION = 5.0;
				TARGETED_DEVICE_FAMILY = "1,2";
				TEST_TARGET_NAME = YoutuberAppV2;
			};
			name = Debug;
		};
		F4D369672584EDF0007AAD70 /* Release */ = {
			isa = XCBuildConfiguration;
			buildSettings = {
				ALWAYS_EMBED_SWIFT_STANDARD_LIBRARIES = YES;
				CODE_SIGN_STYLE = Automatic;
				DEVELOPMENT_TEAM = ZUBBCB62N3;
				INFOPLIST_FILE = YoutuberAppV2UITests/Info.plist;
				LD_RUNPATH_SEARCH_PATHS = (
					"$(inherited)",
					"@executable_path/Frameworks",
					"@loader_path/Frameworks",
				);
				PRODUCT_BUNDLE_IDENTIFIER = com.sndstudio.YoutuberAppV2UITests;
				PRODUCT_NAME = "$(TARGET_NAME)";
				SWIFT_VERSION = 5.0;
				TARGETED_DEVICE_FAMILY = "1,2";
				TEST_TARGET_NAME = YoutuberAppV2;
			};
			name = Release;
		};
/* End XCBuildConfiguration section */

/* Begin XCConfigurationList section */
		F4D369302584EDEC007AAD70 /* Build configuration list for PBXProject "YoutuberAppV2" */ = {
			isa = XCConfigurationList;
			buildConfigurations = (
				F4D3695D2584EDF0007AAD70 /* Debug */,
				F4D3695E2584EDF0007AAD70 /* Release */,
			);
			defaultConfigurationIsVisible = 0;
			defaultConfigurationName = Release;
		};
		F4D3695F2584EDF0007AAD70 /* Build configuration list for PBXNativeTarget "YoutuberAppV2" */ = {
			isa = XCConfigurationList;
			buildConfigurations = (
				F4D369602584EDF0007AAD70 /* Debug */,
				F4D369612584EDF0007AAD70 /* Release */,
			);
			defaultConfigurationIsVisible = 0;
			defaultConfigurationName = Release;
		};
		F4D369622584EDF0007AAD70 /* Build configuration list for PBXNativeTarget "YoutuberAppV2Tests" */ = {
			isa = XCConfigurationList;
			buildConfigurations = (
				F4D369632584EDF0007AAD70 /* Debug */,
				F4D369642584EDF0007AAD70 /* Release */,
			);
			defaultConfigurationIsVisible = 0;
			defaultConfigurationName = Release;
		};
		F4D369652584EDF0007AAD70 /* Build configuration list for PBXNativeTarget "YoutuberAppV2UITests" */ = {
			isa = XCConfigurationList;
			buildConfigurations = (
				F4D369662584EDF0007AAD70 /* Debug */,
				F4D369672584EDF0007AAD70 /* Release */,
			);
			defaultConfigurationIsVisible = 0;
			defaultConfigurationName = Release;
		};
/* End XCConfigurationList section */
	};
	rootObject = F4D3692D2584EDEC007AAD70 /* Project object */;
}
